{
  "name": "eleve",
  "lockfileVersion": 3,
  "requires": true,
  "packages": {
    "": {
      "dependencies": {
        "gsap": "^3.13.0",
        "simple-parallax-js": "^6.2.1"
      }
    },
    "node_modules/gsap": {
      "version": "3.13.0",
      "resolved": "https://registry.npmjs.org/gsap/-/gsap-3.13.0.tgz",
      "integrity": "sha512-QL7MJ2WMjm1PHWsoFrAQH/J8wUeqZvMtHO58qdekHpCfhvhSL4gSiz6vJf5EeMP0LOn3ZCprL2ki/gjED8ghVw==",
      "license": "Standard 'no charge' license: https://gsap.com/standard-license."
    },
    "node_modules/simple-parallax-js": {
      "version": "6.2.1",
      "resolved": "https://registry.npmjs.org/simple-parallax-js/-/simple-parallax-js-6.2.1.tgz",
      "integrity": "sha512-d7D/r8bhxPcSPGgkMOfl3ByHqX/L4qtsvqnnyUMPRAIDWP75YYyeENq1Q8a2EFNAuTiD77oh4IgBHRt2hIqU/w==",
      "license": "MIT",
      "peerDependencies": {
        "react": ">=17.0.0",
        "react-dom": ">=17.0.0"
      }
    }
  }
}
